{
  "name": "Portfolio",
  "lockfileVersion": 2,
  "requires": true,
  "packages": {
    "": {
      "dependencies": {
        "@khanacademy/tota11y": "^0.2.0"
      }
    },
    "node_modules/@khanacademy/tota11y": {
      "version": "0.2.0",
      "resolved": "https://registry.npmjs.org/@khanacademy/tota11y/-/tota11y-0.2.0.tgz",
      "integrity": "sha512-myvvtej7h/KQBPZAQ1XsJNrh7teEpN+qUwtVU6+t8U4Kf9/SnOlGpfxM2833Dlc0bORw+VJSwmHk/v5BNcPF1w=="
    }
  },
  "dependencies": {
    "@khanacademy/tota11y": {
      "version": "0.2.0",
      "resolved": "https://registry.npmjs.org/@khanacademy/tota11y/-/tota11y-0.2.0.tgz",
      "integrity": "sha512-myvvtej7h/KQBPZAQ1XsJNrh7teEpN+qUwtVU6+t8U4Kf9/SnOlGpfxM2833Dlc0bORw+VJSwmHk/v5BNcPF1w=="
    }
  }
}
